
Microsoft Visual Studio Solution File, Format Version 12.00
# Visual Studio Version 16
VisualStudioVersion = 16.0.31105.61
MinimumVisualStudioVersion = 10.0.40219.1
Project("{8BC9CEB8-8B4A-11D0-8D11-00A0C91BC942}") = "SecondLabCode", "SecondLabCode\SecondLabCode.vcxproj", "{FB408E89-E5E0-4CC2-A77E-4E6839CE5AB3}"
EndProject
Global
	GlobalSection(SolutionConfigurationPlatforms) = preSolution
		Debug|x64 = Debug|x64
		Debug|x86 = Debug|x86
		Release|x64 = Release|x64
		Release|x86 = Release|x86
	EndGlobalSection
	GlobalSection(ProjectConfigurationPlatforms) = postSolution
		{FB408E89-E5E0-4CC2-A77E-4E6839CE5AB3}.Debug|x64.ActiveCfg = Debug|x64
		{FB408E89-E5E0-4CC2-A77E-4E6839CE5AB3}.Debug|x64.Build.0 = Debug|x64
		{FB408E89-E5E0-4CC2-A77E-4E6839CE5AB3}.Debug|x86.ActiveCfg = Debug|Win32
		{FB408E89-E5E0-4CC2-A77E-4E6839CE5AB3}.Debug|x86.Build.0 = Debug|Win32
		{FB408E89-E5E0-4CC2-A77E-4E6839CE5AB3}.Release|x64.ActiveCfg = Release|x64
		{FB408E89-E5E0-4CC2-A77E-4E6839CE5AB3}.Release|x64.Build.0 = Release|x64
		{FB408E89-E5E0-4CC2-A77E-4E6839CE5AB3}.Release|x86.ActiveCfg = Release|Win32
		{FB408E89-E5E0-4CC2-A77E-4E6839CE5AB3}.Release|x86.Build.0 = Release|Win32
	EndGlobalSection
	GlobalSection(SolutionProperties) = preSolution
		HideSolutionNode = FALSE
	EndGlobalSection
	GlobalSection(ExtensibilityGlobals) = postSolution
		SolutionGuid = {24DEE8BE-13B7-4258-925F-136E846A1250}
	EndGlobalSection
EndGlobal
